{
  "name": "truss-harness",
  "version": "0.1.0",
  "lockfileVersion": 3,
  "requires": true,
  "packages": {
    "": {
      "name": "truss-harness",
      "version": "0.1.0",
      "license": "MIT",
      "bin": {
        "truss": "bin/truss.mjs"
      },
      "engines": {
        "node": ">=20"
      }
    }
  }
}
